
Microsoft Visual Studio Solution File, Format Version 12.00
# Visual Studio Version 17
VisualStudioVersion = 17.4.33110.190
MinimumVisualStudioVersion = 10.0.40219.1
Project("{9A19103F-16F7-4668-BE54-9A1E7A4F7556}") = "DocumentRead", "DocumentRead.csproj", "{E897555E-B956-48C3-9658-19B8C628679B}"
EndProject
Project("{9A19103F-16F7-4668-BE54-9A1E7A4F7556}") = "DAL", "..\DAL\DAL.csproj", "{4284AC09-F99E-40F8-8B27-1E4127560260}"
EndProject
Project("{FAE04EC0-301F-11D3-BF4B-00C04F79EFBC}") = "DocumentService", "..\DocumentService\DocumentService.csproj", "{8CC347BE-391B-47F7-8B78-6AC93858C416}"
EndProject
Global
	GlobalSection(SolutionConfigurationPlatforms) = preSolution
		Debug|Any CPU = Debug|Any CPU
		Release|Any CPU = Release|Any CPU
	EndGlobalSection
	GlobalSection(ProjectConfigurationPlatforms) = postSolution
		{E897555E-B956-48C3-9658-19B8C628679B}.Debug|Any CPU.ActiveCfg = Debug|Any CPU
		{E897555E-B956-48C3-9658-19B8C628679B}.Debug|Any CPU.Build.0 = Debug|Any CPU
		{E897555E-B956-48C3-9658-19B8C628679B}.Release|Any CPU.ActiveCfg = Release|Any CPU
		{E897555E-B956-48C3-9658-19B8C628679B}.Release|Any CPU.Build.0 = Release|Any CPU
		{4284AC09-F99E-40F8-8B27-1E4127560260}.Debug|Any CPU.ActiveCfg = Debug|Any CPU
		{4284AC09-F99E-40F8-8B27-1E4127560260}.Debug|Any CPU.Build.0 = Debug|Any CPU
		{4284AC09-F99E-40F8-8B27-1E4127560260}.Release|Any CPU.ActiveCfg = Release|Any CPU
		{4284AC09-F99E-40F8-8B27-1E4127560260}.Release|Any CPU.Build.0 = Release|Any CPU
		{8CC347BE-391B-47F7-8B78-6AC93858C416}.Debug|Any CPU.ActiveCfg = Debug|Any CPU
		{8CC347BE-391B-47F7-8B78-6AC93858C416}.Debug|Any CPU.Build.0 = Debug|Any CPU
		{8CC347BE-391B-47F7-8B78-6AC93858C416}.Release|Any CPU.ActiveCfg = Release|Any CPU
		{8CC347BE-391B-47F7-8B78-6AC93858C416}.Release|Any CPU.Build.0 = Release|Any CPU
	EndGlobalSection
	GlobalSection(SolutionProperties) = preSolution
		HideSolutionNode = FALSE
	EndGlobalSection
	GlobalSection(ExtensibilityGlobals) = postSolution
		SolutionGuid = {D53AFF94-5137-4374-BB36-48C6915505B9}
	EndGlobalSection
EndGlobal
